
Microsoft Visual Studio Solution File, Format Version 12.00
# Visual Studio Version 16
VisualStudioVersion = 16.0.31613.86
MinimumVisualStudioVersion = 10.0.40219.1
Project("{9A19103F-16F7-4668-BE54-9A1E7A4F7556}") = "ConsoleApp1", "ConsoleApp1.csproj", "{C220B4C9-1597-46CB-ACAE-29E4E8F08D4D}"
EndProject
Project("{FAE04EC0-301F-11D3-BF4B-00C04F79EFBC}") = "TestProject2", "..\TestProject2\TestProject2.csproj", "{1FF89B18-7DB5-4C4C-95D6-6351917A5439}"
EndProject
Global
	GlobalSection(SolutionConfigurationPlatforms) = preSolution
		Debug|Any CPU = Debug|Any CPU
		Release|Any CPU = Release|Any CPU
	EndGlobalSection
	GlobalSection(ProjectConfigurationPlatforms) = postSolution
		{C220B4C9-1597-46CB-ACAE-29E4E8F08D4D}.Debug|Any CPU.ActiveCfg = Debug|Any CPU
		{C220B4C9-1597-46CB-ACAE-29E4E8F08D4D}.Debug|Any CPU.Build.0 = Debug|Any CPU
		{C220B4C9-1597-46CB-ACAE-29E4E8F08D4D}.Release|Any CPU.ActiveCfg = Release|Any CPU
		{C220B4C9-1597-46CB-ACAE-29E4E8F08D4D}.Release|Any CPU.Build.0 = Release|Any CPU
		{1FF89B18-7DB5-4C4C-95D6-6351917A5439}.Debug|Any CPU.ActiveCfg = Debug|Any CPU
		{1FF89B18-7DB5-4C4C-95D6-6351917A5439}.Debug|Any CPU.Build.0 = Debug|Any CPU
		{1FF89B18-7DB5-4C4C-95D6-6351917A5439}.Release|Any CPU.ActiveCfg = Release|Any CPU
		{1FF89B18-7DB5-4C4C-95D6-6351917A5439}.Release|Any CPU.Build.0 = Release|Any CPU
	EndGlobalSection
	GlobalSection(SolutionProperties) = preSolution
		HideSolutionNode = FALSE
	EndGlobalSection
	GlobalSection(ExtensibilityGlobals) = postSolution
		SolutionGuid = {505DF379-B141-4FD4-8877-C9DEEECDAD61}
	EndGlobalSection
EndGlobal
